
Microsoft Visual Studio Solution File, Format Version 12.00
# Visual Studio Version 16
VisualStudioVersion = 16.0.30804.86
MinimumVisualStudioVersion = 10.0.40219.1
Project("{8BC9CEB8-8B4A-11D0-8D11-00A0C91BC942}") = "Sandbox", "Sandbox\Sandbox.vcxproj", "{074D341C-8FED-4B70-AAD3-0C2FDD953A66}"
EndProject
Project("{8BC9CEB8-8B4A-11D0-8D11-00A0C91BC942}") = "ZorenGE", "ZorenGE.vcxproj", "{64F1EC49-DADA-4C9C-9325-0E6D7A0E4C7B}"
EndProject
Global
	GlobalSection(SolutionConfigurationPlatforms) = preSolution
		Debug|x64 = Debug|x64
		Release|x64 = Release|x64
	EndGlobalSection
	GlobalSection(ProjectConfigurationPlatforms) = postSolution
		{64F1EC49-DADA-4C9C-9325-0E6D7A0E4C7B}.Debug|x64.ActiveCfg = Debug|x64
		{64F1EC49-DADA-4C9C-9325-0E6D7A0E4C7B}.Debug|x64.Build.0 = Debug|x64
		{64F1EC49-DADA-4C9C-9325-0E6D7A0E4C7B}.Release|x64.ActiveCfg = Release|x64
		{64F1EC49-DADA-4C9C-9325-0E6D7A0E4C7B}.Release|x64.Build.0 = Release|x64
		{074D341C-8FED-4B70-AAD3-0C2FDD953A66}.Debug|x64.ActiveCfg = Debug|x64
		{074D341C-8FED-4B70-AAD3-0C2FDD953A66}.Debug|x64.Build.0 = Debug|x64
		{074D341C-8FED-4B70-AAD3-0C2FDD953A66}.Release|x64.ActiveCfg = Release|x64
		{074D341C-8FED-4B70-AAD3-0C2FDD953A66}.Release|x64.Build.0 = Release|x64
	EndGlobalSection
	GlobalSection(SolutionProperties) = preSolution
		HideSolutionNode = FALSE
	EndGlobalSection
	GlobalSection(ExtensibilityGlobals) = postSolution
		SolutionGuid = {B2F881F9-6B36-49A8-9D5C-565B022467E5}
	EndGlobalSection
EndGlobal
